
Microsoft Visual Studio Solution File, Format Version 12.00
# Visual Studio Version 17
VisualStudioVersion = 17.7.34018.315
MinimumVisualStudioVersion = 10.0.40219.1
Project("{FAE04EC0-301F-11D3-BF4B-00C04F79EFBC}") = "5TTI_ClaudeMael_Transposition", "5TTI_ClaudeMael_Transposition.csproj", "{55E77D7E-742B-4F3A-8EFA-688A12988C72}"
EndProject
Global
	GlobalSection(SolutionConfigurationPlatforms) = preSolution
		Debug|Any CPU = Debug|Any CPU
		Release|Any CPU = Release|Any CPU
	EndGlobalSection
	GlobalSection(ProjectConfigurationPlatforms) = postSolution
		{55E77D7E-742B-4F3A-8EFA-688A12988C72}.Debug|Any CPU.ActiveCfg = Debug|Any CPU
		{55E77D7E-742B-4F3A-8EFA-688A12988C72}.Debug|Any CPU.Build.0 = Debug|Any CPU
		{55E77D7E-742B-4F3A-8EFA-688A12988C72}.Release|Any CPU.ActiveCfg = Release|Any CPU
		{55E77D7E-742B-4F3A-8EFA-688A12988C72}.Release|Any CPU.Build.0 = Release|Any CPU
	EndGlobalSection
	GlobalSection(SolutionProperties) = preSolution
		HideSolutionNode = FALSE
	EndGlobalSection
	GlobalSection(ExtensibilityGlobals) = postSolution
		SolutionGuid = {6F4787BE-AFBE-4FB6-99C4-0A503FD881C7}
	EndGlobalSection
EndGlobal
